
Microsoft Visual Studio Solution File, Format Version 12.00
# Visual Studio Version 16
VisualStudioVersion = 16.0.31515.178
MinimumVisualStudioVersion = 10.0.40219.1
Project("{FAE04EC0-301F-11D3-BF4B-00C04F79EFBC}") = "Back_Office_V2", "..\Back_Office_V2\Aplicativo_MVC_V2\Back_Office_V2.csproj", "{EE54855F-17F3-4D3D-BF34-8F2E44B21D3C}"
EndProject
Project("{FAE04EC0-301F-11D3-BF4B-00C04F79EFBC}") = "Tela_Desk", "Tela_Desk_V1\Tela_Desk.csproj", "{84F46CA7-C367-4AEB-89C2-2C6B55E57D67}"
EndProject
Global
	GlobalSection(SolutionConfigurationPlatforms) = preSolution
		Debug|Any CPU = Debug|Any CPU
		Release|Any CPU = Release|Any CPU
	EndGlobalSection
	GlobalSection(ProjectConfigurationPlatforms) = postSolution
		{EE54855F-17F3-4D3D-BF34-8F2E44B21D3C}.Debug|Any CPU.ActiveCfg = Debug|Any CPU
		{EE54855F-17F3-4D3D-BF34-8F2E44B21D3C}.Debug|Any CPU.Build.0 = Debug|Any CPU
		{EE54855F-17F3-4D3D-BF34-8F2E44B21D3C}.Release|Any CPU.ActiveCfg = Release|Any CPU
		{EE54855F-17F3-4D3D-BF34-8F2E44B21D3C}.Release|Any CPU.Build.0 = Release|Any CPU
		{84F46CA7-C367-4AEB-89C2-2C6B55E57D67}.Debug|Any CPU.ActiveCfg = Debug|Any CPU
		{84F46CA7-C367-4AEB-89C2-2C6B55E57D67}.Debug|Any CPU.Build.0 = Debug|Any CPU
		{84F46CA7-C367-4AEB-89C2-2C6B55E57D67}.Release|Any CPU.ActiveCfg = Release|Any CPU
		{84F46CA7-C367-4AEB-89C2-2C6B55E57D67}.Release|Any CPU.Build.0 = Release|Any CPU
	EndGlobalSection
	GlobalSection(SolutionProperties) = preSolution
		HideSolutionNode = FALSE
	EndGlobalSection
	GlobalSection(ExtensibilityGlobals) = postSolution
		SolutionGuid = {1DB9C542-82A7-4491-83C2-D3AE35671B18}
	EndGlobalSection
EndGlobal
